{
  "requires": true,
  "lockfileVersion": 1,
  "dependencies": {
    "autolinker": {
      "version": "3.14.1",
      "resolved": "https://registry.npmjs.org/autolinker/-/autolinker-3.14.1.tgz",
      "integrity": "sha512-yvsRHIaY51EYDml6MGlbqyJGfl4n7zezGYf+R7gvM8c5LNpRGc4SISkvgAswSS8SWxk/OrGCylKV9mJyVstz7w==",
      "requires": {
        "tslib": "^1.9.3"
      }
    },
    "tslib": {
      "version": "1.13.0",
      "resolved": "https://registry.npmjs.org/tslib/-/tslib-1.13.0.tgz",
      "integrity": "sha512-i/6DQjL8Xf3be4K/E6Wgpekn5Qasl1usyw++dAA35Ue5orEn65VIxOA+YvNNl9HV3qv70T7CNwjODHZrLwvd1Q=="
    }
  }
}
